
Microsoft Visual Studio Solution File, Format Version 12.00
Project("{FAE04EC0-301F-11D3-BF4B-00C04F79EFBC}") = "CubeBubbles", "CubeBubbles\CubeBubbles.csproj", "{893B1A61-1C18-4C86-BDBE-7FF8067A3200}"
EndProject
Project("{FAE04EC0-301F-11D3-BF4B-00C04F79EFBC}") = "CubeBubbles.Tests", "CubeBubbles.Tests\CubeBubbles.Tests.csproj", "{68A56E0C-F9F3-4620-9A16-ABCC87E907D3}"
EndProject
Global
	GlobalSection(SolutionConfigurationPlatforms) = preSolution
		Debug|Any CPU = Debug|Any CPU
		Release|Any CPU = Release|Any CPU
	EndGlobalSection
	GlobalSection(ProjectConfigurationPlatforms) = postSolution
		{893B1A61-1C18-4C86-BDBE-7FF8067A3200}.Debug|Any CPU.ActiveCfg = Debug|Any CPU
		{893B1A61-1C18-4C86-BDBE-7FF8067A3200}.Debug|Any CPU.Build.0 = Debug|Any CPU
		{893B1A61-1C18-4C86-BDBE-7FF8067A3200}.Release|Any CPU.ActiveCfg = Release|Any CPU
		{893B1A61-1C18-4C86-BDBE-7FF8067A3200}.Release|Any CPU.Build.0 = Release|Any CPU
		{68A56E0C-F9F3-4620-9A16-ABCC87E907D3}.Debug|Any CPU.ActiveCfg = Debug|Any CPU
		{68A56E0C-F9F3-4620-9A16-ABCC87E907D3}.Debug|Any CPU.Build.0 = Debug|Any CPU
		{68A56E0C-F9F3-4620-9A16-ABCC87E907D3}.Release|Any CPU.ActiveCfg = Release|Any CPU
		{68A56E0C-F9F3-4620-9A16-ABCC87E907D3}.Release|Any CPU.Build.0 = Release|Any CPU
	EndGlobalSection
EndGlobal
